
Microsoft Visual Studio Solution File, Format Version 12.00
# Visual Studio Version 16
VisualStudioVersion = 16.0.29613.14
MinimumVisualStudioVersion = 10.0.40219.1
Project("{2150E333-8FDC-42A3-9474-1A3956D46DE8}") = "src", "src", "{9A47D7E4-8998-479C-9685-6AD09D9D12E3}"
EndProject
Project("{2150E333-8FDC-42A3-9474-1A3956D46DE8}") = "test", "test", "{DA01E337-D63F-410B-8178-D5C1BBC4B823}"
EndProject
Project("{9A19103F-16F7-4668-BE54-9A1E7A4F7556}") = "ByteBee.TestClientConsole", "ui\ByteBee.TestClientConsole\ByteBee.TestClientConsole.csproj", "{C8260F7C-DA40-41F3-AB59-546A1BEC5352}"
EndProject
Project("{2150E333-8FDC-42A3-9474-1A3956D46DE8}") = "ui", "ui", "{3C704655-5079-4B2C-9272-43F30F2F5A45}"
EndProject
Project("{9A19103F-16F7-4668-BE54-9A1E7A4F7556}") = "ByteBee.Adapting.Contract", "contract\adapting\ByteBee.Adapting.Contract.csproj", "{736F349F-7EDB-4E16-BBA8-B94CCBE2FF1B}"
EndProject
Project("{9A19103F-16F7-4668-BE54-9A1E7A4F7556}") = "ByteBee.AppConstructing.Contract", "contract\appConstructing\ByteBee.AppConstructing.Contract.csproj", "{78C5CDE0-77E4-46B1-AF36-62C46717252F}"
EndProject
Project("{9A19103F-16F7-4668-BE54-9A1E7A4F7556}") = "ByteBee.Bootstrapping.Contract", "contract\bootstrapping\ByteBee.Bootstrapping.Contract.csproj", "{A5C2D1D1-37C4-4F61-A64D-38BB64D88753}"
EndProject
Project("{9A19103F-16F7-4668-BE54-9A1E7A4F7556}") = "ByteBee.Configuring.Contract", "contract\configuring\ByteBee.Configuring.Contract.csproj", "{AEA33B98-9551-44DE-823D-AD86E5353480}"
EndProject
Project("{9A19103F-16F7-4668-BE54-9A1E7A4F7556}") = "ByteBee.Converting.Contract", "contract\converting\ByteBee.Converting.Contract.csproj", "{6388D296-0EB8-40E6-A171-4076D46AAF3A}"
EndProject
Project("{9A19103F-16F7-4668-BE54-9A1E7A4F7556}") = "ByteBee.Injecting.Contract", "contract\injecting\ByteBee.Injecting.Contract.csproj", "{AB4D6944-9858-44E0-A347-5E5B31CAADB4}"
EndProject
Project("{9A19103F-16F7-4668-BE54-9A1E7A4F7556}") = "ByteBee.Messaging.Contract", "contract\messaging\ByteBee.Messaging.Contract.csproj", "{0A683060-55D6-4A52-8AFE-AB35E02E3D1F}"
EndProject
Project("{9A19103F-16F7-4668-BE54-9A1E7A4F7556}") = "ByteBee.Adapting.Impl", "impl\adapting\ByteBee.Adapting.Impl.csproj", "{BBAD6D09-9742-42BB-BBD1-202F5CD224B8}"
EndProject
Project("{9A19103F-16F7-4668-BE54-9A1E7A4F7556}") = "ByteBee.AppConstructing.Impl", "impl\appConstructing\ByteBee.AppConstructing.Impl.csproj", "{4E1D6414-51F2-4CA8-B193-D1DF7117C28F}"
EndProject
Project("{9A19103F-16F7-4668-BE54-9A1E7A4F7556}") = "ByteBee.Bootstrapping.Impl", "impl\bootstrapping\ByteBee.Bootstrapping.Impl.csproj", "{20B6FF66-ECC6-462C-BC31-9F11B5BCFC0E}"
EndProject
Project("{9A19103F-16F7-4668-BE54-9A1E7A4F7556}") = "ByteBee.Configuring.Impl", "impl\configuring\ByteBee.Configuring.Impl.csproj", "{3DF62378-9E3F-460E-8646-21B47D3365B4}"
EndProject
Project("{9A19103F-16F7-4668-BE54-9A1E7A4F7556}") = "ByteBee.Configuring.Ini", "impl\configuring.ini\ByteBee.Configuring.Ini.csproj", "{DB6E1E3F-6BF6-43C5-B6EA-EF777096652A}"
EndProject
Project("{9A19103F-16F7-4668-BE54-9A1E7A4F7556}") = "ByteBee.Configuring.JsonNet", "impl\configuring.jsonNet\ByteBee.Configuring.JsonNet.csproj", "{74667A76-C822-40BC-83B5-FCB953BCC43B}"
EndProject
Project("{9A19103F-16F7-4668-BE54-9A1E7A4F7556}") = "ByteBee.Converting.Impl", "impl\converting\ByteBee.Converting.Impl.csproj", "{EFABFEE8-2C52-47A7-A650-790E31DF6630}"
EndProject
Project("{9A19103F-16F7-4668-BE54-9A1E7A4F7556}") = "ByteBee.Injecting.Impl", "impl\injecting\ByteBee.Injecting.Impl.csproj", "{37A16A28-B244-4932-92DE-8490764E3C86}"
EndProject
Project("{9A19103F-16F7-4668-BE54-9A1E7A4F7556}") = "ByteBee.Injecting.Ninject", "impl\injecting.ninject\ByteBee.Injecting.Ninject.csproj", "{89EBFF0C-3D23-4B3E-B10B-99F89B9C9F0C}"
EndProject
Project("{9A19103F-16F7-4668-BE54-9A1E7A4F7556}") = "ByteBee.Messaging.Impl", "impl\messaging\ByteBee.Messaging.Impl.csproj", "{2C238F69-CFC6-4E88-8C7D-C718B99425B1}"
EndProject
Project("{9A19103F-16F7-4668-BE54-9A1E7A4F7556}") = "ByteBee.Framework.Fake", "tests\fake\ByteBee.Framework.Fake.csproj", "{B397863B-E5ED-468A-94EF-64CD9B7803F4}"
EndProject
Global
	GlobalSection(SolutionConfigurationPlatforms) = preSolution
		Debug|Any CPU = Debug|Any CPU
		Release|Any CPU = Release|Any CPU
	EndGlobalSection
	GlobalSection(ProjectConfigurationPlatforms) = postSolution
		{C8260F7C-DA40-41F3-AB59-546A1BEC5352}.Debug|Any CPU.ActiveCfg = Debug|Any CPU
		{C8260F7C-DA40-41F3-AB59-546A1BEC5352}.Debug|Any CPU.Build.0 = Debug|Any CPU
		{C8260F7C-DA40-41F3-AB59-546A1BEC5352}.Release|Any CPU.ActiveCfg = Release|Any CPU
		{C8260F7C-DA40-41F3-AB59-546A1BEC5352}.Release|Any CPU.Build.0 = Release|Any CPU
		{736F349F-7EDB-4E16-BBA8-B94CCBE2FF1B}.Debug|Any CPU.ActiveCfg = Debug|Any CPU
		{736F349F-7EDB-4E16-BBA8-B94CCBE2FF1B}.Debug|Any CPU.Build.0 = Debug|Any CPU
		{736F349F-7EDB-4E16-BBA8-B94CCBE2FF1B}.Release|Any CPU.ActiveCfg = Release|Any CPU
		{736F349F-7EDB-4E16-BBA8-B94CCBE2FF1B}.Release|Any CPU.Build.0 = Release|Any CPU
		{78C5CDE0-77E4-46B1-AF36-62C46717252F}.Debug|Any CPU.ActiveCfg = Debug|Any CPU
		{78C5CDE0-77E4-46B1-AF36-62C46717252F}.Debug|Any CPU.Build.0 = Debug|Any CPU
		{78C5CDE0-77E4-46B1-AF36-62C46717252F}.Release|Any CPU.ActiveCfg = Release|Any CPU
		{78C5CDE0-77E4-46B1-AF36-62C46717252F}.Release|Any CPU.Build.0 = Release|Any CPU
		{A5C2D1D1-37C4-4F61-A64D-38BB64D88753}.Debug|Any CPU.ActiveCfg = Debug|Any CPU
		{A5C2D1D1-37C4-4F61-A64D-38BB64D88753}.Debug|Any CPU.Build.0 = Debug|Any CPU
		{A5C2D1D1-37C4-4F61-A64D-38BB64D88753}.Release|Any CPU.ActiveCfg = Release|Any CPU
		{A5C2D1D1-37C4-4F61-A64D-38BB64D88753}.Release|Any CPU.Build.0 = Release|Any CPU
		{AEA33B98-9551-44DE-823D-AD86E5353480}.Debug|Any CPU.ActiveCfg = Debug|Any CPU
		{AEA33B98-9551-44DE-823D-AD86E5353480}.Debug|Any CPU.Build.0 = Debug|Any CPU
		{AEA33B98-9551-44DE-823D-AD86E5353480}.Release|Any CPU.ActiveCfg = Release|Any CPU
		{AEA33B98-9551-44DE-823D-AD86E5353480}.Release|Any CPU.Build.0 = Release|Any CPU
		{6388D296-0EB8-40E6-A171-4076D46AAF3A}.Debug|Any CPU.ActiveCfg = Debug|Any CPU
		{6388D296-0EB8-40E6-A171-4076D46AAF3A}.Debug|Any CPU.Build.0 = Debug|Any CPU
		{6388D296-0EB8-40E6-A171-4076D46AAF3A}.Release|Any CPU.ActiveCfg = Release|Any CPU
		{6388D296-0EB8-40E6-A171-4076D46AAF3A}.Release|Any CPU.Build.0 = Release|Any CPU
		{AB4D6944-9858-44E0-A347-5E5B31CAADB4}.Debug|Any CPU.ActiveCfg = Debug|Any CPU
		{AB4D6944-9858-44E0-A347-5E5B31CAADB4}.Debug|Any CPU.Build.0 = Debug|Any CPU
		{AB4D6944-9858-44E0-A347-5E5B31CAADB4}.Release|Any CPU.ActiveCfg = Release|Any CPU
		{AB4D6944-9858-44E0-A347-5E5B31CAADB4}.Release|Any CPU.Build.0 = Release|Any CPU
		{0A683060-55D6-4A52-8AFE-AB35E02E3D1F}.Debug|Any CPU.ActiveCfg = Debug|Any CPU
		{0A683060-55D6-4A52-8AFE-AB35E02E3D1F}.Debug|Any CPU.Build.0 = Debug|Any CPU
		{0A683060-55D6-4A52-8AFE-AB35E02E3D1F}.Release|Any CPU.ActiveCfg = Release|Any CPU
		{0A683060-55D6-4A52-8AFE-AB35E02E3D1F}.Release|Any CPU.Build.0 = Release|Any CPU
		{BBAD6D09-9742-42BB-BBD1-202F5CD224B8}.Debug|Any CPU.ActiveCfg = Debug|Any CPU
		{BBAD6D09-9742-42BB-BBD1-202F5CD224B8}.Debug|Any CPU.Build.0 = Debug|Any CPU
		{BBAD6D09-9742-42BB-BBD1-202F5CD224B8}.Release|Any CPU.ActiveCfg = Release|Any CPU
		{BBAD6D09-9742-42BB-BBD1-202F5CD224B8}.Release|Any CPU.Build.0 = Release|Any CPU
		{4E1D6414-51F2-4CA8-B193-D1DF7117C28F}.Debug|Any CPU.ActiveCfg = Debug|Any CPU
		{4E1D6414-51F2-4CA8-B193-D1DF7117C28F}.Debug|Any CPU.Build.0 = Debug|Any CPU
		{4E1D6414-51F2-4CA8-B193-D1DF7117C28F}.Release|Any CPU.ActiveCfg = Release|Any CPU
		{4E1D6414-51F2-4CA8-B193-D1DF7117C28F}.Release|Any CPU.Build.0 = Release|Any CPU
		{20B6FF66-ECC6-462C-BC31-9F11B5BCFC0E}.Debug|Any CPU.ActiveCfg = Debug|Any CPU
		{20B6FF66-ECC6-462C-BC31-9F11B5BCFC0E}.Debug|Any CPU.Build.0 = Debug|Any CPU
		{20B6FF66-ECC6-462C-BC31-9F11B5BCFC0E}.Release|Any CPU.ActiveCfg = Release|Any CPU
		{20B6FF66-ECC6-462C-BC31-9F11B5BCFC0E}.Release|Any CPU.Build.0 = Release|Any CPU
		{3DF62378-9E3F-460E-8646-21B47D3365B4}.Debug|Any CPU.ActiveCfg = Debug|Any CPU
		{3DF62378-9E3F-460E-8646-21B47D3365B4}.Debug|Any CPU.Build.0 = Debug|Any CPU
		{3DF62378-9E3F-460E-8646-21B47D3365B4}.Release|Any CPU.ActiveCfg = Release|Any CPU
		{3DF62378-9E3F-460E-8646-21B47D3365B4}.Release|Any CPU.Build.0 = Release|Any CPU
		{DB6E1E3F-6BF6-43C5-B6EA-EF777096652A}.Debug|Any CPU.ActiveCfg = Debug|Any CPU
		{DB6E1E3F-6BF6-43C5-B6EA-EF777096652A}.Debug|Any CPU.Build.0 = Debug|Any CPU
		{DB6E1E3F-6BF6-43C5-B6EA-EF777096652A}.Release|Any CPU.ActiveCfg = Release|Any CPU
		{DB6E1E3F-6BF6-43C5-B6EA-EF777096652A}.Release|Any CPU.Build.0 = Release|Any CPU
		{74667A76-C822-40BC-83B5-FCB953BCC43B}.Debug|Any CPU.ActiveCfg = Debug|Any CPU
		{74667A76-C822-40BC-83B5-FCB953BCC43B}.Debug|Any CPU.Build.0 = Debug|Any CPU
		{74667A76-C822-40BC-83B5-FCB953BCC43B}.Release|Any CPU.ActiveCfg = Release|Any CPU
		{74667A76-C822-40BC-83B5-FCB953BCC43B}.Release|Any CPU.Build.0 = Release|Any CPU
		{EFABFEE8-2C52-47A7-A650-790E31DF6630}.Debug|Any CPU.ActiveCfg = Debug|Any CPU
		{EFABFEE8-2C52-47A7-A650-790E31DF6630}.Debug|Any CPU.Build.0 = Debug|Any CPU
		{EFABFEE8-2C52-47A7-A650-790E31DF6630}.Release|Any CPU.ActiveCfg = Release|Any CPU
		{EFABFEE8-2C52-47A7-A650-790E31DF6630}.Release|Any CPU.Build.0 = Release|Any CPU
		{37A16A28-B244-4932-92DE-8490764E3C86}.Debug|Any CPU.ActiveCfg = Debug|Any CPU
		{37A16A28-B244-4932-92DE-8490764E3C86}.Debug|Any CPU.Build.0 = Debug|Any CPU
		{37A16A28-B244-4932-92DE-8490764E3C86}.Release|Any CPU.ActiveCfg = Release|Any CPU
		{37A16A28-B244-4932-92DE-8490764E3C86}.Release|Any CPU.Build.0 = Release|Any CPU
		{89EBFF0C-3D23-4B3E-B10B-99F89B9C9F0C}.Debug|Any CPU.ActiveCfg = Debug|Any CPU
		{89EBFF0C-3D23-4B3E-B10B-99F89B9C9F0C}.Debug|Any CPU.Build.0 = Debug|Any CPU
		{89EBFF0C-3D23-4B3E-B10B-99F89B9C9F0C}.Release|Any CPU.ActiveCfg = Release|Any CPU
		{89EBFF0C-3D23-4B3E-B10B-99F89B9C9F0C}.Release|Any CPU.Build.0 = Release|Any CPU
		{2C238F69-CFC6-4E88-8C7D-C718B99425B1}.Debug|Any CPU.ActiveCfg = Debug|Any CPU
		{2C238F69-CFC6-4E88-8C7D-C718B99425B1}.Debug|Any CPU.Build.0 = Debug|Any CPU
		{2C238F69-CFC6-4E88-8C7D-C718B99425B1}.Release|Any CPU.ActiveCfg = Release|Any CPU
		{2C238F69-CFC6-4E88-8C7D-C718B99425B1}.Release|Any CPU.Build.0 = Release|Any CPU
		{B397863B-E5ED-468A-94EF-64CD9B7803F4}.Debug|Any CPU.ActiveCfg = Debug|Any CPU
		{B397863B-E5ED-468A-94EF-64CD9B7803F4}.Debug|Any CPU.Build.0 = Debug|Any CPU
		{B397863B-E5ED-468A-94EF-64CD9B7803F4}.Release|Any CPU.ActiveCfg = Release|Any CPU
		{B397863B-E5ED-468A-94EF-64CD9B7803F4}.Release|Any CPU.Build.0 = Release|Any CPU
	EndGlobalSection
	GlobalSection(SolutionProperties) = preSolution
		HideSolutionNode = FALSE
	EndGlobalSection
	GlobalSection(NestedProjects) = preSolution
		{C8260F7C-DA40-41F3-AB59-546A1BEC5352} = {3C704655-5079-4B2C-9272-43F30F2F5A45}
		{736F349F-7EDB-4E16-BBA8-B94CCBE2FF1B} = {9A47D7E4-8998-479C-9685-6AD09D9D12E3}
		{78C5CDE0-77E4-46B1-AF36-62C46717252F} = {9A47D7E4-8998-479C-9685-6AD09D9D12E3}
		{A5C2D1D1-37C4-4F61-A64D-38BB64D88753} = {9A47D7E4-8998-479C-9685-6AD09D9D12E3}
		{AEA33B98-9551-44DE-823D-AD86E5353480} = {9A47D7E4-8998-479C-9685-6AD09D9D12E3}
		{6388D296-0EB8-40E6-A171-4076D46AAF3A} = {9A47D7E4-8998-479C-9685-6AD09D9D12E3}
		{AB4D6944-9858-44E0-A347-5E5B31CAADB4} = {9A47D7E4-8998-479C-9685-6AD09D9D12E3}
		{0A683060-55D6-4A52-8AFE-AB35E02E3D1F} = {9A47D7E4-8998-479C-9685-6AD09D9D12E3}
		{BBAD6D09-9742-42BB-BBD1-202F5CD224B8} = {9A47D7E4-8998-479C-9685-6AD09D9D12E3}
		{4E1D6414-51F2-4CA8-B193-D1DF7117C28F} = {9A47D7E4-8998-479C-9685-6AD09D9D12E3}
		{20B6FF66-ECC6-462C-BC31-9F11B5BCFC0E} = {9A47D7E4-8998-479C-9685-6AD09D9D12E3}
		{3DF62378-9E3F-460E-8646-21B47D3365B4} = {9A47D7E4-8998-479C-9685-6AD09D9D12E3}
		{DB6E1E3F-6BF6-43C5-B6EA-EF777096652A} = {9A47D7E4-8998-479C-9685-6AD09D9D12E3}
		{74667A76-C822-40BC-83B5-FCB953BCC43B} = {9A47D7E4-8998-479C-9685-6AD09D9D12E3}
		{EFABFEE8-2C52-47A7-A650-790E31DF6630} = {9A47D7E4-8998-479C-9685-6AD09D9D12E3}
		{37A16A28-B244-4932-92DE-8490764E3C86} = {9A47D7E4-8998-479C-9685-6AD09D9D12E3}
		{89EBFF0C-3D23-4B3E-B10B-99F89B9C9F0C} = {9A47D7E4-8998-479C-9685-6AD09D9D12E3}
		{2C238F69-CFC6-4E88-8C7D-C718B99425B1} = {9A47D7E4-8998-479C-9685-6AD09D9D12E3}
		{B397863B-E5ED-468A-94EF-64CD9B7803F4} = {DA01E337-D63F-410B-8178-D5C1BBC4B823}
	EndGlobalSection
	GlobalSection(ExtensibilityGlobals) = postSolution
		SolutionGuid = {D37575EA-F989-458B-AD7F-F683AABAD4C3}
	EndGlobalSection
EndGlobal
