
Microsoft Visual Studio Solution File, Format Version 12.00
# Visual Studio Version 16
VisualStudioVersion = 16.0.29613.14
MinimumVisualStudioVersion = 10.0.40219.1
Project("{2150E333-8FDC-42A3-9474-1A3956D46DE8}") = "configuring", "configuring", "{C142B5EE-7F5C-4D13-AC6E-ADD2A204310B}"
EndProject
Project("{9A19103F-16F7-4668-BE54-9A1E7A4F7556}") = "Configuring.Contract", "Configuring.Contract\Configuring.Contract.csproj", "{B8AB3861-376D-4EC3-BF91-33FB66FC5F36}"
EndProject
Project("{9A19103F-16F7-4668-BE54-9A1E7A4F7556}") = "Configuring.Impl", "Configuring.Impl\Configuring.Impl.csproj", "{078E18FE-47F6-40D6-B5EF-B9069485E53C}"
EndProject
Project("{9A19103F-16F7-4668-BE54-9A1E7A4F7556}") = "Configurating.JsonNet", "Configuring.JsonNet\Configurating.JsonNet.csproj", "{074DBB18-16C1-4013-A418-6AAC739A00FB}"
EndProject
Project("{FAE04EC0-301F-11D3-BF4B-00C04F79EFBC}") = "Configuring.Tests", "Configuring.Tests\Configuring.Tests.csproj", "{24963604-B969-46ED-A07D-9D024D8E6E18}"
EndProject
Project("{2150E333-8FDC-42A3-9474-1A3956D46DE8}") = "adapting", "adapting", "{9EDC4823-FAC7-4CFD-9A15-715E99A27679}"
EndProject
Project("{FAE04EC0-301F-11D3-BF4B-00C04F79EFBC}") = "Adapting.Contract", "Adapting.Contract\Adapting.Contract.csproj", "{DEB43642-73C3-4871-97DA-C9C0B9623EC3}"
EndProject
Project("{FAE04EC0-301F-11D3-BF4B-00C04F79EFBC}") = "Adapting.Impl", "Adapting.Impl\Adapting.Impl.csproj", "{C973A281-F6D7-4087-A15E-878B82BF08AE}"
EndProject
Project("{2150E333-8FDC-42A3-9474-1A3956D46DE8}") = "converting", "converting", "{8CF9F912-AD31-40C6-A639-6580F2A3EECB}"
EndProject
Project("{FAE04EC0-301F-11D3-BF4B-00C04F79EFBC}") = "Converting.Impl", "Converting.Impl\Converting.Impl.csproj", "{09642A7D-E885-4A93-A269-4EB503C4A576}"
EndProject
Project("{FAE04EC0-301F-11D3-BF4B-00C04F79EFBC}") = "Converting.Tests", "Converting.Tests\Converting.Tests.csproj", "{CA311473-168C-478F-AF23-CBDB734B8615}"
EndProject
Global
	GlobalSection(SolutionConfigurationPlatforms) = preSolution
		Debug|Any CPU = Debug|Any CPU
		Release|Any CPU = Release|Any CPU
	EndGlobalSection
	GlobalSection(ProjectConfigurationPlatforms) = postSolution
		{B8AB3861-376D-4EC3-BF91-33FB66FC5F36}.Debug|Any CPU.ActiveCfg = Debug|Any CPU
		{B8AB3861-376D-4EC3-BF91-33FB66FC5F36}.Debug|Any CPU.Build.0 = Debug|Any CPU
		{B8AB3861-376D-4EC3-BF91-33FB66FC5F36}.Release|Any CPU.ActiveCfg = Release|Any CPU
		{B8AB3861-376D-4EC3-BF91-33FB66FC5F36}.Release|Any CPU.Build.0 = Release|Any CPU
		{078E18FE-47F6-40D6-B5EF-B9069485E53C}.Debug|Any CPU.ActiveCfg = Debug|Any CPU
		{078E18FE-47F6-40D6-B5EF-B9069485E53C}.Debug|Any CPU.Build.0 = Debug|Any CPU
		{078E18FE-47F6-40D6-B5EF-B9069485E53C}.Release|Any CPU.ActiveCfg = Release|Any CPU
		{078E18FE-47F6-40D6-B5EF-B9069485E53C}.Release|Any CPU.Build.0 = Release|Any CPU
		{074DBB18-16C1-4013-A418-6AAC739A00FB}.Debug|Any CPU.ActiveCfg = Debug|Any CPU
		{074DBB18-16C1-4013-A418-6AAC739A00FB}.Debug|Any CPU.Build.0 = Debug|Any CPU
		{074DBB18-16C1-4013-A418-6AAC739A00FB}.Release|Any CPU.ActiveCfg = Release|Any CPU
		{074DBB18-16C1-4013-A418-6AAC739A00FB}.Release|Any CPU.Build.0 = Release|Any CPU
		{24963604-B969-46ED-A07D-9D024D8E6E18}.Debug|Any CPU.ActiveCfg = Debug|Any CPU
		{24963604-B969-46ED-A07D-9D024D8E6E18}.Debug|Any CPU.Build.0 = Debug|Any CPU
		{24963604-B969-46ED-A07D-9D024D8E6E18}.Release|Any CPU.ActiveCfg = Release|Any CPU
		{24963604-B969-46ED-A07D-9D024D8E6E18}.Release|Any CPU.Build.0 = Release|Any CPU
		{DEB43642-73C3-4871-97DA-C9C0B9623EC3}.Debug|Any CPU.ActiveCfg = Debug|Any CPU
		{DEB43642-73C3-4871-97DA-C9C0B9623EC3}.Debug|Any CPU.Build.0 = Debug|Any CPU
		{DEB43642-73C3-4871-97DA-C9C0B9623EC3}.Release|Any CPU.ActiveCfg = Release|Any CPU
		{DEB43642-73C3-4871-97DA-C9C0B9623EC3}.Release|Any CPU.Build.0 = Release|Any CPU
		{C973A281-F6D7-4087-A15E-878B82BF08AE}.Debug|Any CPU.ActiveCfg = Debug|Any CPU
		{C973A281-F6D7-4087-A15E-878B82BF08AE}.Debug|Any CPU.Build.0 = Debug|Any CPU
		{C973A281-F6D7-4087-A15E-878B82BF08AE}.Release|Any CPU.ActiveCfg = Release|Any CPU
		{C973A281-F6D7-4087-A15E-878B82BF08AE}.Release|Any CPU.Build.0 = Release|Any CPU
		{09642A7D-E885-4A93-A269-4EB503C4A576}.Debug|Any CPU.ActiveCfg = Debug|Any CPU
		{09642A7D-E885-4A93-A269-4EB503C4A576}.Debug|Any CPU.Build.0 = Debug|Any CPU
		{09642A7D-E885-4A93-A269-4EB503C4A576}.Release|Any CPU.ActiveCfg = Release|Any CPU
		{09642A7D-E885-4A93-A269-4EB503C4A576}.Release|Any CPU.Build.0 = Release|Any CPU
		{CA311473-168C-478F-AF23-CBDB734B8615}.Debug|Any CPU.ActiveCfg = Debug|Any CPU
		{CA311473-168C-478F-AF23-CBDB734B8615}.Debug|Any CPU.Build.0 = Debug|Any CPU
		{CA311473-168C-478F-AF23-CBDB734B8615}.Release|Any CPU.ActiveCfg = Release|Any CPU
		{CA311473-168C-478F-AF23-CBDB734B8615}.Release|Any CPU.Build.0 = Release|Any CPU
	EndGlobalSection
	GlobalSection(SolutionProperties) = preSolution
		HideSolutionNode = FALSE
	EndGlobalSection
	GlobalSection(NestedProjects) = preSolution
		{B8AB3861-376D-4EC3-BF91-33FB66FC5F36} = {C142B5EE-7F5C-4D13-AC6E-ADD2A204310B}
		{078E18FE-47F6-40D6-B5EF-B9069485E53C} = {C142B5EE-7F5C-4D13-AC6E-ADD2A204310B}
		{074DBB18-16C1-4013-A418-6AAC739A00FB} = {C142B5EE-7F5C-4D13-AC6E-ADD2A204310B}
		{24963604-B969-46ED-A07D-9D024D8E6E18} = {C142B5EE-7F5C-4D13-AC6E-ADD2A204310B}
		{DEB43642-73C3-4871-97DA-C9C0B9623EC3} = {9EDC4823-FAC7-4CFD-9A15-715E99A27679}
		{C973A281-F6D7-4087-A15E-878B82BF08AE} = {9EDC4823-FAC7-4CFD-9A15-715E99A27679}
		{09642A7D-E885-4A93-A269-4EB503C4A576} = {8CF9F912-AD31-40C6-A639-6580F2A3EECB}
		{CA311473-168C-478F-AF23-CBDB734B8615} = {8CF9F912-AD31-40C6-A639-6580F2A3EECB}
	EndGlobalSection
	GlobalSection(ExtensibilityGlobals) = postSolution
		SolutionGuid = {D37575EA-F989-458B-AD7F-F683AABAD4C3}
	EndGlobalSection
EndGlobal
